
Microsoft Visual Studio Solution File, Format Version 12.00
# Visual Studio Version 17
VisualStudioVersion = 17.5.33627.172
MinimumVisualStudioVersion = 10.0.40219.1
Project("{9A19103F-16F7-4668-BE54-9A1E7A4F7556}") = "IODevices", "IODevices\IODevices.csproj", "{7B06EDFC-156B-4356-9410-389DC49859B5}"
EndProject
Project("{9A19103F-16F7-4668-BE54-9A1E7A4F7556}") = "testIODevice", "testIODevice\testIODevice.csproj", "{C253372A-C312-4060-8E0D-346831C41BF1}"
EndProject
Project("{2150E333-8FDC-42A3-9474-1A3956D46DE8}") = "Solution Items", "Solution Items", "{C9031B46-2E53-4588-BED8-D703F9D92314}"
	ProjectSection(SolutionItems) = preProject
		README.md = README.md
	EndProjectSection
EndProject
Global
	GlobalSection(SolutionConfigurationPlatforms) = preSolution
		Debug|Any CPU = Debug|Any CPU
		Release|Any CPU = Release|Any CPU
	EndGlobalSection
	GlobalSection(ProjectConfigurationPlatforms) = postSolution
		{7B06EDFC-156B-4356-9410-389DC49859B5}.Debug|Any CPU.ActiveCfg = Debug|Any CPU
		{7B06EDFC-156B-4356-9410-389DC49859B5}.Debug|Any CPU.Build.0 = Debug|Any CPU
		{7B06EDFC-156B-4356-9410-389DC49859B5}.Release|Any CPU.ActiveCfg = Release|Any CPU
		{7B06EDFC-156B-4356-9410-389DC49859B5}.Release|Any CPU.Build.0 = Release|Any CPU
		{C253372A-C312-4060-8E0D-346831C41BF1}.Debug|Any CPU.ActiveCfg = Debug|Any CPU
		{C253372A-C312-4060-8E0D-346831C41BF1}.Debug|Any CPU.Build.0 = Debug|Any CPU
		{C253372A-C312-4060-8E0D-346831C41BF1}.Release|Any CPU.ActiveCfg = Release|Any CPU
		{C253372A-C312-4060-8E0D-346831C41BF1}.Release|Any CPU.Build.0 = Release|Any CPU
	EndGlobalSection
	GlobalSection(SolutionProperties) = preSolution
		HideSolutionNode = FALSE
	EndGlobalSection
	GlobalSection(ExtensibilityGlobals) = postSolution
		SolutionGuid = {C2071552-960E-4533-8943-2070C72802E2}
	EndGlobalSection
EndGlobal
